
Microsoft Visual Studio Solution File, Format Version 12.00
# Visual Studio Version 17
VisualStudioVersion = 17.9.34902.65
MinimumVisualStudioVersion = 10.0.40219.1
Project("{FAE04EC0-301F-11D3-BF4B-00C04F79EFBC}") = "Urna_Eletronica", "Urna_Eletronica.csproj", "{22FBD029-6C75-4262-BC05-E09FEBCEFA83}"
EndProject
Global
	GlobalSection(SolutionConfigurationPlatforms) = preSolution
		Debug|Any CPU = Debug|Any CPU
		Release|Any CPU = Release|Any CPU
	EndGlobalSection
	GlobalSection(ProjectConfigurationPlatforms) = postSolution
		{22FBD029-6C75-4262-BC05-E09FEBCEFA83}.Debug|Any CPU.ActiveCfg = Debug|Any CPU
		{22FBD029-6C75-4262-BC05-E09FEBCEFA83}.Debug|Any CPU.Build.0 = Debug|Any CPU
		{22FBD029-6C75-4262-BC05-E09FEBCEFA83}.Release|Any CPU.ActiveCfg = Release|Any CPU
		{22FBD029-6C75-4262-BC05-E09FEBCEFA83}.Release|Any CPU.Build.0 = Release|Any CPU
	EndGlobalSection
	GlobalSection(SolutionProperties) = preSolution
		HideSolutionNode = FALSE
	EndGlobalSection
	GlobalSection(ExtensibilityGlobals) = postSolution
		SolutionGuid = {B9E9AC87-4310-4067-A6B6-157C4DD38776}
	EndGlobalSection
EndGlobal
